hash: 56efd63d6fef052677325cd31bdbeb286700ef682bbd170751eda05e45843b60
updated: 2017-07-17T08:42:24.62764706-04:00
imports:
- name: github.com/bwmarrin/discordgo
  version: d420e28024ad527390b43aa7f64e029083e11989
- name: github.com/gorilla/websocket
  version: 462d5c5828f6203e4047c47be2920315937be380
- name: golang.org/x/crypto
  version: 7f7c0c2d75ebb4e32a21396ce36e87b6dadc91c9
  subpackages:
  - nacl/secretbox
  - poly1305
  - salsa20/salsa
testImports: []
